<?xml version="1.0" encoding="utf-8"?>
<Project ToolsVersion="4.0" xmlns="http://schemas.microsoft.com/developer/msbuild/2003">
  <ItemGroup>
    <Filter Include="源文件">
      <UniqueIdentifier>{4FC737F1-C7A5-4376-A066-2A32D752A2FF}</UniqueIdentifier>
      <Extensions>cpp;c;cc;cxx;def;odl;idl;hpj;bat;asm;asmx</Extensions>
    </Filter>
    <Filter Include="头文件">
      <UniqueIdentifier>{93995380-89BD-4b04-88EB-625FBE52EBFB}</UniqueIdentifier>
      <Extensions>h;hh;hpp;hxx;hm;inl;inc;xsd</Extensions>
    </Filter>
    <Filter Include="资源文件">
      <UniqueIdentifier>{67DA6AB6-F800-4c08-8B7A-83BB121AAD01}</UniqueIdentifier>
      <Extensions>rc;ico;cur;bmp;dlg;rc2;rct;bin;rgs;gif;jpg;jpeg;jpe;resx;tiff;tif;png;wav;mfcribbon-ms</Extensions>
    </Filter>
  </ItemGroup>
  <ItemGroup>
    <ClInclude Include="usingdeclare.h">
      <Filter>头文件</Filter>
    </ClInclude>
    <ClInclude Include="constants.h">
      <Filter>头文件</Filter>
    </ClInclude>
    <ClInclude Include="vector.h">
      <Filter>头文件</Filter>
    </ClInclude>
    <ClInclude Include="vector-impl.h">
      <Filter>头文件</Filter>
    </ClInclude>
    <ClInclude Include="matrix.h">
      <Filter>头文件</Filter>
    </ClInclude>
    <ClInclude Include="matrix-impl.h">
      <Filter>头文件</Filter>
    </ClInclude>
    <ClInclude Include="vectormath.h">
      <Filter>头文件</Filter>
    </ClInclude>
    <ClInclude Include="vectormath-impl.h">
      <Filter>头文件</Filter>
    </ClInclude>
    <ClInclude Include="matrixmath.h">
      <Filter>头文件</Filter>
    </ClInclude>
    <ClInclude Include="matrixmath-impl.h">
      <Filter>头文件</Filter>
    </ClInclude>
    <ClInclude Include="cholesky.h">
      <Filter>头文件</Filter>
    </ClInclude>
    <ClInclude Include="cholesky-impl.h">
      <Filter>头文件</Filter>
    </ClInclude>
    <ClInclude Include="ccholesky.h">
      <Filter>头文件</Filter>
    </ClInclude>
    <ClInclude Include="ccholesky-impl.h">
      <Filter>头文件</Filter>
    </ClInclude>
    <ClInclude Include="lud.h">
      <Filter>头文件</Filter>
    </ClInclude>
    <ClInclude Include="lud-impl.h">
      <Filter>头文件</Filter>
    </ClInclude>
    <ClInclude Include="qrd.h">
      <Filter>头文件</Filter>
    </ClInclude>
    <ClInclude Include="qrd-impl.h">
      <Filter>头文件</Filter>
    </ClInclude>
    <ClInclude Include="cqrd.h">
      <Filter>头文件</Filter>
    </ClInclude>
    <ClInclude Include="cqrd-impl.h">
      <Filter>头文件</Filter>
    </ClInclude>
    <ClInclude Include="svd.h">
      <Filter>头文件</Filter>
    </ClInclude>
    <ClInclude Include="svd-impl.h">
      <Filter>头文件</Filter>
    </ClInclude>
    <ClInclude Include="csvd.h">
      <Filter>头文件</Filter>
    </ClInclude>
    <ClInclude Include="csvd-impl.h">
      <Filter>头文件</Filter>
    </ClInclude>
    <ClInclude Include="evd.h">
      <Filter>头文件</Filter>
    </ClInclude>
    <ClInclude Include="evd-impl.h">
      <Filter>头文件</Filter>
    </ClInclude>
    <ClInclude Include="cevd.h">
      <Filter>头文件</Filter>
    </ClInclude>
    <ClInclude Include="cevd-impl.h">
      <Filter>头文件</Filter>
    </ClInclude>
    <ClInclude Include="inverse.h">
      <Filter>头文件</Filter>
    </ClInclude>
    <ClInclude Include="inverse-impl.h">
      <Filter>头文件</Filter>
    </ClInclude>
    <ClInclude Include="pseudoinverse.h">
      <Filter>头文件</Filter>
    </ClInclude>
    <ClInclude Include="pseudoinverse-impl.h">
      <Filter>头文件</Filter>
    </ClInclude>
    <ClInclude Include="linequs1.h">
      <Filter>头文件</Filter>
    </ClInclude>
    <ClInclude Include="linequs1-impl.h">
      <Filter>头文件</Filter>
    </ClInclude>
    <ClInclude Include="linequs2.h">
      <Filter>头文件</Filter>
    </ClInclude>
    <ClInclude Include="linequs2-impl.h">
      <Filter>头文件</Filter>
    </ClInclude>
    <ClInclude Include="linequs3.h">
      <Filter>头文件</Filter>
    </ClInclude>
    <ClInclude Include="linequs3-impl.h">
      <Filter>头文件</Filter>
    </ClInclude>
    <ClInclude Include="nlfunc.h">
      <Filter>头文件</Filter>
    </ClInclude>
    <ClInclude Include="nleroot.h">
      <Filter>头文件</Filter>
    </ClInclude>
    <ClInclude Include="nleroot-impl.h">
      <Filter>头文件</Filter>
    </ClInclude>
    <ClInclude Include="nlfuncs.h">
      <Filter>头文件</Filter>
    </ClInclude>
    <ClInclude Include="nleroots.h">
      <Filter>头文件</Filter>
    </ClInclude>
    <ClInclude Include="nleroots-impl.h">
      <Filter>头文件</Filter>
    </ClInclude>
    <ClInclude Include="integrand.h">
      <Filter>头文件</Filter>
    </ClInclude>
    <ClInclude Include="integral.h">
      <Filter>头文件</Filter>
    </ClInclude>
    <ClInclude Include="integral-impl.h">
      <Filter>头文件</Filter>
    </ClInclude>
    <ClInclude Include="interpolation.h">
      <Filter>头文件</Filter>
    </ClInclude>
    <ClInclude Include="newtoninterp.h">
      <Filter>头文件</Filter>
    </ClInclude>
    <ClInclude Include="newtoninterp-impl.h">
      <Filter>头文件</Filter>
    </ClInclude>
    <ClInclude Include="spline3interp.h">
      <Filter>头文件</Filter>
    </ClInclude>
    <ClInclude Include="spline3interp-impl.h">
      <Filter>头文件</Filter>
    </ClInclude>
    <ClInclude Include="fitcurves.h">
      <Filter>头文件</Filter>
    </ClInclude>
    <ClInclude Include="lsfitting.h">
      <Filter>头文件</Filter>
    </ClInclude>
    <ClInclude Include="lsfitting-impl.h">
      <Filter>头文件</Filter>
    </ClInclude>
    <ClInclude Include="objfunc.h">
      <Filter>头文件</Filter>
    </ClInclude>
    <ClInclude Include="linesearch.h">
      <Filter>头文件</Filter>
    </ClInclude>
    <ClInclude Include="steepdesc.h">
      <Filter>头文件</Filter>
    </ClInclude>
    <ClInclude Include="linesearch-impl.h">
      <Filter>头文件</Filter>
    </ClInclude>
    <ClInclude Include="steepdesc-impl.h">
      <Filter>头文件</Filter>
    </ClInclude>
    <ClInclude Include="conjgrad.h">
      <Filter>头文件</Filter>
    </ClInclude>
    <ClInclude Include="conjgrad-impl.h">
      <Filter>头文件</Filter>
    </ClInclude>
    <ClInclude Include="utilities.h">
      <Filter>头文件</Filter>
    </ClInclude>
    <ClInclude Include="utilities-impl.h">
      <Filter>头文件</Filter>
    </ClInclude>
    <ClInclude Include="fft.h">
      <Filter>头文件</Filter>
    </ClInclude>
    <ClInclude Include="fft-impl.h">
      <Filter>头文件</Filter>
    </ClInclude>
    <ClInclude Include="fftmr.h">
      <Filter>头文件</Filter>
    </ClInclude>
    <ClInclude Include="fftmr-impl.h">
      <Filter>头文件</Filter>
    </ClInclude>
    <ClInclude Include="fftpf.h">
      <Filter>头文件</Filter>
    </ClInclude>
    <ClInclude Include="fftpf-impl.h">
      <Filter>头文件</Filter>
    </ClInclude>
    <ClInclude Include="bfgs.h">
      <Filter>头文件</Filter>
    </ClInclude>
    <ClInclude Include="bfgs-impl.h">
      <Filter>头文件</Filter>
    </ClInclude>
  </ItemGroup>
  <ItemGroup>
    <ClCompile Include="main_test.cpp">
      <Filter>源文件</Filter>
    </ClCompile>
    <ClCompile Include="vectormath_test.cpp">
      <Filter>源文件</Filter>
    </ClCompile>
    <ClCompile Include="vector_test.cpp">
      <Filter>源文件</Filter>
    </ClCompile>
    <ClCompile Include="utilities_test.cpp">
      <Filter>源文件</Filter>
    </ClCompile>
    <ClCompile Include="svd_test.cpp">
      <Filter>源文件</Filter>
    </ClCompile>
    <ClCompile Include="steepdesc_test.cpp">
      <Filter>源文件</Filter>
    </ClCompile>
    <ClCompile Include="spline3interp_test.cpp">
      <Filter>源文件</Filter>
    </ClCompile>
    <ClCompile Include="qrd_test.cpp">
      <Filter>源文件</Filter>
    </ClCompile>
    <ClCompile Include="pseudoinverse_test.cpp">
      <Filter>源文件</Filter>
    </ClCompile>
    <ClCompile Include="nleroots_test.cpp">
      <Filter>源文件</Filter>
    </ClCompile>
    <ClCompile Include="nleroot_test.cpp">
      <Filter>源文件</Filter>
    </ClCompile>
    <ClCompile Include="newtoninterp_test.cpp">
      <Filter>源文件</Filter>
    </ClCompile>
    <ClCompile Include="matrixmath_test.cpp">
      <Filter>源文件</Filter>
    </ClCompile>
    <ClCompile Include="matrix_test.cpp">
      <Filter>源文件</Filter>
    </ClCompile>
    <ClCompile Include="lud_test.cpp">
      <Filter>源文件</Filter>
    </ClCompile>
    <ClCompile Include="lsfit_test.cpp">
      <Filter>源文件</Filter>
    </ClCompile>
    <ClCompile Include="linequs3_test.cpp">
      <Filter>源文件</Filter>
    </ClCompile>
    <ClCompile Include="linequs2_test.cpp">
      <Filter>源文件</Filter>
    </ClCompile>
    <ClCompile Include="linequs1_test.cpp">
      <Filter>源文件</Filter>
    </ClCompile>
    <ClCompile Include="inverse_test.cpp">
      <Filter>源文件</Filter>
    </ClCompile>
    <ClCompile Include="integral_test.cpp">
      <Filter>源文件</Filter>
    </ClCompile>
    <ClCompile Include="fftpf_test.cpp">
      <Filter>源文件</Filter>
    </ClCompile>
    <ClCompile Include="fftmr_test.cpp">
      <Filter>源文件</Filter>
    </ClCompile>
    <ClCompile Include="fft_test.cpp">
      <Filter>源文件</Filter>
    </ClCompile>
    <ClCompile Include="evd_test.cpp">
      <Filter>源文件</Filter>
    </ClCompile>
    <ClCompile Include="csvd_test.cpp">
      <Filter>源文件</Filter>
    </ClCompile>
    <ClCompile Include="cqrd_test.cpp">
      <Filter>源文件</Filter>
    </ClCompile>
    <ClCompile Include="conjgrad_test.cpp">
      <Filter>源文件</Filter>
    </ClCompile>
    <ClCompile Include="cholesky_test.cpp">
      <Filter>源文件</Filter>
    </ClCompile>
    <ClCompile Include="cevd_test.cpp">
      <Filter>源文件</Filter>
    </ClCompile>
    <ClCompile Include="ccholesky_test.cpp">
      <Filter>源文件</Filter>
    </ClCompile>
    <ClCompile Include="bfgs_test.cpp">
      <Filter>源文件</Filter>
    </ClCompile>
  </ItemGroup>
</Project>